
Microsoft Visual Studio Solution File, Format Version 12.00
# Visual Studio Version 17
VisualStudioVersion = 17.11.35327.3
MinimumVisualStudioVersion = 10.0.40219.1
Project("{9A19103F-16F7-4668-BE54-9A1E7A4F7556}") = "BlazorApp", "BlazorApp\BlazorApp.csproj", "{BBEEE90C-B710-4692-A33F-C3E980E7E05B}"
EndProject
Project("{9A19103F-16F7-4668-BE54-9A1E7A4F7556}") = "BlazorData", "BlazorData\BlazorData.csproj", "{023B925D-FC09-4809-93E4-70FE60BB02DC}"
EndProject
Project("{9A19103F-16F7-4668-BE54-9A1E7A4F7556}") = "BlazorRepository", "BlazorRepository\BlazorRepository.csproj", "{F225B797-BB6F-4F32-8CD0-3E2C4F6C3803}"
EndProject
Project("{9A19103F-16F7-4668-BE54-9A1E7A4F7556}") = "CronJob", "CronJob\CronJob.csproj", "{4B9A5300-A367-41C4-8968-AC26D410C45F}"
EndProject
Project("{9A19103F-16F7-4668-BE54-9A1E7A4F7556}") = "API", "API\API.csproj", "{1D10E20E-7E7D-4A8B-A141-DE800EC0ED38}"
EndProject
Project("{FAE04EC0-301F-11D3-BF4B-00C04F79EFBC}") = "APISignalRClient", "APISignalRClient\APISignalRClient.csproj", "{9E2F5C18-E755-4BFB-9ABB-6C04D04F9C24}"
EndProject
Project("{FAE04EC0-301F-11D3-BF4B-00C04F79EFBC}") = "BlazorUtilities", "BlazorUtilities\BlazorUtilities.csproj", "{7709C79C-6544-4E88-BCB0-B2BA2E0A34D7}"
EndProject
Global
	GlobalSection(SolutionConfigurationPlatforms) = preSolution
		Debug|Any CPU = Debug|Any CPU
		Release|Any CPU = Release|Any CPU
	EndGlobalSection
	GlobalSection(ProjectConfigurationPlatforms) = postSolution
		{BBEEE90C-B710-4692-A33F-C3E980E7E05B}.Debug|Any CPU.ActiveCfg = Debug|Any CPU
		{BBEEE90C-B710-4692-A33F-C3E980E7E05B}.Debug|Any CPU.Build.0 = Debug|Any CPU
		{BBEEE90C-B710-4692-A33F-C3E980E7E05B}.Release|Any CPU.ActiveCfg = Release|Any CPU
		{BBEEE90C-B710-4692-A33F-C3E980E7E05B}.Release|Any CPU.Build.0 = Release|Any CPU
		{023B925D-FC09-4809-93E4-70FE60BB02DC}.Debug|Any CPU.ActiveCfg = Debug|Any CPU
		{023B925D-FC09-4809-93E4-70FE60BB02DC}.Debug|Any CPU.Build.0 = Debug|Any CPU
		{023B925D-FC09-4809-93E4-70FE60BB02DC}.Release|Any CPU.ActiveCfg = Release|Any CPU
		{023B925D-FC09-4809-93E4-70FE60BB02DC}.Release|Any CPU.Build.0 = Release|Any CPU
		{F225B797-BB6F-4F32-8CD0-3E2C4F6C3803}.Debug|Any CPU.ActiveCfg = Debug|Any CPU
		{F225B797-BB6F-4F32-8CD0-3E2C4F6C3803}.Debug|Any CPU.Build.0 = Debug|Any CPU
		{F225B797-BB6F-4F32-8CD0-3E2C4F6C3803}.Release|Any CPU.ActiveCfg = Release|Any CPU
		{F225B797-BB6F-4F32-8CD0-3E2C4F6C3803}.Release|Any CPU.Build.0 = Release|Any CPU
		{4B9A5300-A367-41C4-8968-AC26D410C45F}.Debug|Any CPU.ActiveCfg = Debug|Any CPU
		{4B9A5300-A367-41C4-8968-AC26D410C45F}.Debug|Any CPU.Build.0 = Debug|Any CPU
		{4B9A5300-A367-41C4-8968-AC26D410C45F}.Release|Any CPU.ActiveCfg = Release|Any CPU
		{4B9A5300-A367-41C4-8968-AC26D410C45F}.Release|Any CPU.Build.0 = Release|Any CPU
		{1D10E20E-7E7D-4A8B-A141-DE800EC0ED38}.Debug|Any CPU.ActiveCfg = Debug|Any CPU
		{1D10E20E-7E7D-4A8B-A141-DE800EC0ED38}.Debug|Any CPU.Build.0 = Debug|Any CPU
		{1D10E20E-7E7D-4A8B-A141-DE800EC0ED38}.Release|Any CPU.ActiveCfg = Release|Any CPU
		{1D10E20E-7E7D-4A8B-A141-DE800EC0ED38}.Release|Any CPU.Build.0 = Release|Any CPU
		{9E2F5C18-E755-4BFB-9ABB-6C04D04F9C24}.Debug|Any CPU.ActiveCfg = Debug|Any CPU
		{9E2F5C18-E755-4BFB-9ABB-6C04D04F9C24}.Debug|Any CPU.Build.0 = Debug|Any CPU
		{9E2F5C18-E755-4BFB-9ABB-6C04D04F9C24}.Release|Any CPU.ActiveCfg = Release|Any CPU
		{9E2F5C18-E755-4BFB-9ABB-6C04D04F9C24}.Release|Any CPU.Build.0 = Release|Any CPU
		{7709C79C-6544-4E88-BCB0-B2BA2E0A34D7}.Debug|Any CPU.ActiveCfg = Debug|Any CPU
		{7709C79C-6544-4E88-BCB0-B2BA2E0A34D7}.Debug|Any CPU.Build.0 = Debug|Any CPU
		{7709C79C-6544-4E88-BCB0-B2BA2E0A34D7}.Release|Any CPU.ActiveCfg = Release|Any CPU
		{7709C79C-6544-4E88-BCB0-B2BA2E0A34D7}.Release|Any CPU.Build.0 = Release|Any CPU
	EndGlobalSection
	GlobalSection(SolutionProperties) = preSolution
		HideSolutionNode = FALSE
	EndGlobalSection
	GlobalSection(ExtensibilityGlobals) = postSolution
		SolutionGuid = {43D66208-BA7A-4426-A90F-8F26C572A636}
	EndGlobalSection
EndGlobal
